{
    "_meta": {
        "hash": {
            "sha256": "04de3c9a4d13a8d8e8efaefa0b5cc369df2d326ce55f777f352cc0b341e227ff"
        },
        "pipfile-spec": 6,
        "requires": {
            "python_version": "3.8"
        },
        "sources": [
            {
                "name": "pypi",
                "url": "https://pypi.org/simple",
                "verify_ssl": true
            }
        ]
    },
    "default": {
        "python-osc": {
            "hashes": [
                "sha256:760f9d7a8c586a5347eb309336df08b308892cc6ca558b0874e7594bcb07d032"
            ],
            "index": "pypi",
            "version": "==1.7.4"
        }
    },
    "develop": {}
}
